// !$*UTF8*$!
{
	archiveVersion = 1;
	classes = {
	};
	objectVersion = 50;
	objects = {

/* Begin PBXBuildFile section */
		7949ECAD26B3390100685B76 /* RepaintingViewWithSlidersSwiftUIApp.swift in Sources */ = {isa = PBXBuildFile; fileRef = 7949ECAC26B3390100685B76 /* RepaintingViewWithSlidersSwiftUIApp.swift */; };
		7949ECAF26B3390100685B76 /* ContentView.swift in Sources */ = {isa = PBXBuildFile; fileRef = 7949ECAE26B3390100685B76 /* ContentView.swift */; };
		7949ECB126B3390200685B76 /* Assets.xcassets in Resources */ = {isa = PBXBuildFile; fileRef = 7949ECB026B3390200685B76 /* Assets.xcassets */; };
		7949ECB426B3390200685B76 /* Preview Assets.xcassets in Resources */ = {isa = PBXBuildFile; fileRef = 7949ECB326B3390200685B76 /* Preview Assets.xcassets */; };
		7949ECBC26B3392A00685B76 /* ColorSlider.swift in Sources */ = {isa = PBXBuildFile; fileRef = 7949ECBB26B3392A00685B76 /* ColorSlider.swift */; };
		7949ECBE26B3396600685B76 /* ColorTextField.swift in Sources */ = {isa = PBXBuildFile; fileRef = 7949ECBD26B3396600685B76 /* ColorTextField.swift */; };
		7949ECC026B3398C00685B76 /* ColorCountLabel.swift in Sources */ = {isa = PBXBuildFile; fileRef = 7949ECBF26B3398C00685B76 /* ColorCountLabel.swift */; };
		7949ECC226B339B700685B76 /* RepaintingView.swift in Sources */ = {isa = PBXBuildFile; fileRef = 7949ECC126B339B700685B76 /* RepaintingView.swift */; };
		7949ECC426B578C200685B76 /* ExtensionUIApplication.swift in Sources */ = {isa = PBXBuildFile; fileRef = 7949ECC326B578C200685B76 /* ExtensionUIApplication.swift */; };
		7949ECCA26B5E45E00685B76 /* FrameSizeAndGradientModifier.swift in Sources */ = {isa = PBXBuildFile; fileRef = 7949ECC926B5E45E00685B76 /* FrameSizeAndGradientModifier.swift */; };
		7949ECCC26B5E54C00685B76 /* ExtensionView.swift in Sources */ = {isa = PBXBuildFile; fileRef = 7949ECCB26B5E54C00685B76 /* ExtensionView.swift */; };
/* End PBXBuildFile section */

/* Begin PBXFileReference section */
		7949ECA926B3390100685B76 /* RepaintingViewWithSlidersSwiftUI.app */ = {isa = PBXFileReference; explicitFileType = wrapper.application; includeInIndex = 0; path = RepaintingViewWithSlidersSwiftUI.app; sourceTree = BUILT_PRODUCTS_DIR; };
		7949ECAC26B3390100685B76 /* RepaintingViewWithSlidersSwiftUIApp.swift */ = {isa = PBXFileReference; lastKnownFileType = sourcecode.swift; path = RepaintingViewWithSlidersSwiftUIApp.swift; sourceTree = "<group>"; };
		7949ECAE26B3390100685B76 /* ContentView.swift */ = {isa = PBXFileReference; lastKnownFileType = sourcecode.swift; path = ContentView.swift; sourceTree = "<group>"; };
		7949ECB026B3390200685B76 /* Assets.xcassets */ = {isa = PBXFileReference; lastKnownFileType = folder.assetcatalog; path = Assets.xcassets; sourceTree = "<group>"; };
		7949ECB326B3390200685B76 /* Preview Assets.xcassets */ = {isa = PBXFileReference; lastKnownFileType = folder.assetcatalog; path = "Preview Assets.xcassets"; sourceTree = "<group>"; };
		7949ECB526B3390200685B76 /* Info.plist */ = {isa = PBXFileReference; lastKnownFileType = text.plist.xml; path = Info.plist; sourceTree = "<group>"; };
		7949ECBB26B3392A00685B76 /* ColorSlider.swift */ = {isa = PBXFileReference; lastKnownFileType = sourcecode.swift; path = ColorSlider.swift; sourceTree = "<group>"; };
		7949ECBD26B3396600685B76 /* ColorTextField.swift */ = {isa = PBXFileReference; lastKnownFileType = sourcecode.swift; path = ColorTextField.swift; sourceTree = "<group>"; };
		7949ECBF26B3398C00685B76 /* ColorCountLabel.swift */ = {isa = PBXFileReference; lastKnownFileType = sourcecode.swift; path = ColorCountLabel.swift; sourceTree = "<group>"; };
		7949ECC126B339B700685B76 /* RepaintingView.swift */ = {isa = PBXFileReference; lastKnownFileType = sourcecode.swift; path = RepaintingView.swift; sourceTree = "<group>"; };
		7949ECC326B578C200685B76 /* ExtensionUIApplication.swift */ = {isa = PBXFileReference; lastKnownFileType = sourcecode.swift; path = ExtensionUIApplication.swift; sourceTree = "<group>"; };
		7949ECC926B5E45E00685B76 /* FrameSizeAndGradientModifier.swift */ = {isa = PBXFileReference; lastKnownFileType = sourcecode.swift; path = FrameSizeAndGradientModifier.swift; sourceTree = "<group>"; };
		7949ECCB26B5E54C00685B76 /* ExtensionView.swift */ = {isa = PBXFileReference; lastKnownFileType = sourcecode.swift; path = ExtensionView.swift; sourceTree = "<group>"; };
/* End PBXFileReference section */

/* Begin PBXFrameworksBuildPhase section */
		7949ECA626B3390100685B76 /* Frameworks */ = {
			isa = PBXFrameworksBuildPhase;
			buildActionMask = 2147483647;
			files = (
			);
			runOnlyForDeploymentPostprocessing = 0;
		};
/* End PBXFrameworksBuildPhase section */

/* Begin PBXGroup section */
		7949ECA026B3390100685B76 = {
			isa = PBXGroup;
			children = (
				7949ECAB26B3390100685B76 /* RepaintingViewWithSlidersSwiftUI */,
				7949ECAA26B3390100685B76 /* Products */,
			);
			sourceTree = "<group>";
		};
		7949ECAA26B3390100685B76 /* Products */ = {
			isa = PBXGroup;
			children = (
				7949ECA926B3390100685B76 /* RepaintingViewWithSlidersSwiftUI.app */,
			);
			name = Products;
			sourceTree = "<group>";
		};
		7949ECAB26B3390100685B76 /* RepaintingViewWithSlidersSwiftUI */ = {
			isa = PBXGroup;
			children = (
				7949ECD126B6C19600685B76 /* Views */,
				7949ECD326B6C1AB00685B76 /* Modifiers */,
				7949ECD226B6C19B00685B76 /* Extensions */,
				7949ECD026B6C18300685B76 /* Resources */,
				7949ECCF26B6C17800685B76 /* Supporting Files */,
			);
			path = RepaintingViewWithSlidersSwiftUI;
			sourceTree = "<group>";
		};
		7949ECB226B3390200685B76 /* Preview Content */ = {
			isa = PBXGroup;
			children = (
				7949ECB326B3390200685B76 /* Preview Assets.xcassets */,
			);
			path = "Preview Content";
			sourceTree = "<group>";
		};
		7949ECCF26B6C17800685B76 /* Supporting Files */ = {
			isa = PBXGroup;
			children = (
				7949ECAC26B3390100685B76 /* RepaintingViewWithSlidersSwiftUIApp.swift */,
				7949ECB526B3390200685B76 /* Info.plist */,
			);
			path = "Supporting Files";
			sourceTree = "<group>";
		};
		7949ECD026B6C18300685B76 /* Resources */ = {
			isa = PBXGroup;
			children = (
				7949ECB226B3390200685B76 /* Preview Content */,
				7949ECB026B3390200685B76 /* Assets.xcassets */,
			);
			path = Resources;
			sourceTree = "<group>";
		};
		7949ECD126B6C19600685B76 /* Views */ = {
			isa = PBXGroup;
			children = (
				7949ECAE26B3390100685B76 /* ContentView.swift */,
				7949ECC126B339B700685B76 /* RepaintingView.swift */,
				7949ECBF26B3398C00685B76 /* ColorCountLabel.swift */,
				7949ECBB26B3392A00685B76 /* ColorSlider.swift */,
				7949ECBD26B3396600685B76 /* ColorTextField.swift */,
			);
			path = Views;
			sourceTree = "<group>";
		};
		7949ECD226B6C19B00685B76 /* Extensions */ = {
			isa = PBXGroup;
			children = (
				7949ECC326B578C200685B76 /* ExtensionUIApplication.swift */,
				7949ECCB26B5E54C00685B76 /* ExtensionView.swift */,
			);
			path = Extensions;
			sourceTree = "<group>";
		};
		7949ECD326B6C1AB00685B76 /* Modifiers */ = {
			isa = PBXGroup;
			children = (
				7949ECC926B5E45E00685B76 /* FrameSizeAndGradientModifier.swift */,
			);
			path = Modifiers;
			sourceTree = "<group>";
		};
/* End PBXGroup section */

/* Begin PBXNativeTarget section */
		7949ECA826B3390100685B76 /* RepaintingViewWithSlidersSwiftUI */ = {
			isa = PBXNativeTarget;
			buildConfigurationList = 7949ECB826B3390200685B76 /* Build configuration list for PBXNativeTarget "RepaintingViewWithSlidersSwiftUI" */;
			buildPhases = (
				7949ECA526B3390100685B76 /* Sources */,
				7949ECA626B3390100685B76 /* Frameworks */,
				7949ECA726B3390100685B76 /* Resources */,
			);
			buildRules = (
			);
			dependencies = (
			);
			name = RepaintingViewWithSlidersSwiftUI;
			productName = RepaintingViewWithSlidersSwiftUI;
			productReference = 7949ECA926B3390100685B76 /* RepaintingViewWithSlidersSwiftUI.app */;
			productType = "com.apple.product-type.application";
		};
/* End PBXNativeTarget section */

/* Begin PBXProject section */
		7949ECA126B3390100685B76 /* Project object */ = {
			isa = PBXProject;
			attributes = {
				LastSwiftUpdateCheck = 1250;
				LastUpgradeCheck = 1250;
				TargetAttributes = {
					7949ECA826B3390100685B76 = {
						CreatedOnToolsVersion = 12.5.1;
					};
				};
			};
			buildConfigurationList = 7949ECA426B3390100685B76 /* Build configuration list for PBXProject "RepaintingViewWithSlidersSwiftUI" */;
			compatibilityVersion = "Xcode 9.3";
			developmentRegion = en;
			hasScannedForEncodings = 0;
			knownRegions = (
				en,
				Base,
			);
			mainGroup = 7949ECA026B3390100685B76;
			productRefGroup = 7949ECAA26B3390100685B76 /* Products */;
			projectDirPath = "";
			projectRoot = "";
			targets = (
				7949ECA826B3390100685B76 /* RepaintingViewWithSlidersSwiftUI */,
			);
		};
/* End PBXProject section */

/* Begin PBXResourcesBuildPhase section */
		7949ECA726B3390100685B76 /* Resources */ = {
			isa = PBXResourcesBuildPhase;
			buildActionMask = 2147483647;
			files = (
				7949ECB426B3390200685B76 /* Preview Assets.xcassets in Resources */,
				7949ECB126B3390200685B76 /* Assets.xcassets in Resources */,
			);
			runOnlyForDeploymentPostprocessing = 0;
		};
/* End PBXResourcesBuildPhase section */

/* Begin PBXSourcesBuildPhase section */
		7949ECA526B3390100685B76 /* Sources */ = {
			isa = PBXSourcesBuildPhase;
			buildActionMask = 2147483647;
			files = (
				7949ECC026B3398C00685B76 /* ColorCountLabel.swift in Sources */,
				7949ECCC26B5E54C00685B76 /* ExtensionView.swift in Sources */,
				7949ECAF26B3390100685B76 /* ContentView.swift in Sources */,
				7949ECBC26B3392A00685B76 /* ColorSlider.swift in Sources */,
				7949ECC426B578C200685B76 /* ExtensionUIApplication.swift in Sources */,
				7949ECAD26B3390100685B76 /* RepaintingViewWithSlidersSwiftUIApp.swift in Sources */,
				7949ECCA26B5E45E00685B76 /* FrameSizeAndGradientModifier.swift in Sources */,
				7949ECBE26B3396600685B76 /* ColorTextField.swift in Sources */,
				7949ECC226B339B700685B76 /* RepaintingView.swift in Sources */,
			);
			runOnlyForDeploymentPostprocessing = 0;
		};
/* End PBXSourcesBuildPhase section */

/* Begin XCBuildConfiguration section */
		7949ECB626B3390200685B76 /* Debug */ = {
			isa = XCBuildConfiguration;
			buildSettings = {
				ALWAYS_SEARCH_USER_PATHS = NO;
				CLANG_ANALYZER_NONNULL = YES;
				CLANG_ANALYZER_NUMBER_OBJECT_CONVERSION = YES_AGGRESSIVE;
				CLANG_CXX_LANGUAGE_STANDARD = "gnu++14";
				CLANG_CXX_LIBRARY = "libc++";
				CLANG_ENABLE_MODULES = YES;
				CLANG_ENABLE_OBJC_ARC = YES;
				CLANG_ENABLE_OBJC_WEAK = YES;
				CLANG_WARN_BLOCK_CAPTURE_AUTORELEASING = YES;
				CLANG_WARN_BOOL_CONVERSION = YES;
				CLANG_WARN_COMMA = YES;
				CLANG_WARN_CONSTANT_CONVERSION = YES;
				CLANG_WARN_DEPRECATED_OBJC_IMPLEMENTATIONS = YES;
				CLANG_WARN_DIRECT_OBJC_ISA_USAGE = YES_ERROR;
				CLANG_WARN_DOCUMENTATION_COMMENTS = YES;
				CLANG_WARN_EMPTY_BODY = YES;
				CLANG_WARN_ENUM_CONVERSION = YES;
				CLANG_WARN_INFINITE_RECURSION = YES;
				CLANG_WARN_INT_CONVERSION = YES;
				CLANG_WARN_NON_LITERAL_NULL_CONVERSION = YES;
				CLANG_WARN_OBJC_IMPLICIT_RETAIN_SELF = YES;
				CLANG_WARN_OBJC_LITERAL_CONVERSION = YES;
				CLANG_WARN_OBJC_ROOT_CLASS = YES_ERROR;
				CLANG_WARN_QUOTED_INCLUDE_IN_FRAMEWORK_HEADER = YES;
				CLANG_WARN_RANGE_LOOP_ANALYSIS = YES;
				CLANG_WARN_STRICT_PROTOTYPES = YES;
				CLANG_WARN_SUSPICIOUS_MOVE = YES;
				CLANG_WARN_UNGUARDED_AVAILABILITY = YES_AGGRESSIVE;
				CLANG_WARN_UNREACHABLE_CODE = YES;
				CLANG_WARN__DUPLICATE_METHOD_MATCH = YES;
				COPY_PHASE_STRIP = NO;
				DEBUG_INFORMATION_FORMAT = dwarf;
				ENABLE_STRICT_OBJC_MSGSEND = YES;
				ENABLE_TESTABILITY = YES;
				GCC_C_LANGUAGE_STANDARD = gnu11;
				GCC_DYNAMIC_NO_PIC = NO;
				GCC_NO_COMMON_BLOCKS = YES;
				GCC_OPTIMIZATION_LEVEL = 0;
				GCC_PREPROCESSOR_DEFINITIONS = (
					"DEBUG=1",
					"$(inherited)",
				);
				GCC_WARN_64_TO_32_BIT_CONVERSION = YES;
				GCC_WARN_ABOUT_RETURN_TYPE = YES_ERROR;
				GCC_WARN_UNDECLARED_SELECTOR = YES;
				GCC_WARN_UNINITIALIZED_AUTOS = YES_AGGRESSIVE;
				GCC_WARN_UNUSED_FUNCTION = YES;
				GCC_WARN_UNUSED_VARIABLE = YES;
				IPHONEOS_DEPLOYMENT_TARGET = 14.5;
				MTL_ENABLE_DEBUG_INFO = INCLUDE_SOURCE;
				MTL_FAST_MATH = YES;
				ONLY_ACTIVE_ARCH = YES;
				SDKROOT = iphoneos;
				SWIFT_ACTIVE_COMPILATION_CONDITIONS = DEBUG;
				SWIFT_OPTIMIZATION_LEVEL = "-Onone";
			};
			name = Debug;
		};
		7949ECB726B3390200685B76 /* Release */ = {
			isa = XCBuildConfiguration;
			buildSettings = {
				ALWAYS_SEARCH_USER_PATHS = NO;
				CLANG_ANALYZER_NONNULL = YES;
				CLANG_ANALYZER_NUMBER_OBJECT_CONVERSION = YES_AGGRESSIVE;
				CLANG_CXX_LANGUAGE_STANDARD = "gnu++14";
				CLANG_CXX_LIBRARY = "libc++";
				CLANG_ENABLE_MODULES = YES;
				CLANG_ENABLE_OBJC_ARC = YES;
				CLANG_ENABLE_OBJC_WEAK = YES;
				CLANG_WARN_BLOCK_CAPTURE_AUTORELEASING = YES;
				CLANG_WARN_BOOL_CONVERSION = YES;
				CLANG_WARN_COMMA = YES;
				CLANG_WARN_CONSTANT_CONVERSION = YES;
				CLANG_WARN_DEPRECATED_OBJC_IMPLEMENTATIONS = YES;
				CLANG_WARN_DIRECT_OBJC_ISA_USAGE = YES_ERROR;
				CLANG_WARN_DOCUMENTATION_COMMENTS = YES;
				CLANG_WARN_EMPTY_BODY = YES;
				CLANG_WARN_ENUM_CONVERSION = YES;
				CLANG_WARN_INFINITE_RECURSION = YES;
				CLANG_WARN_INT_CONVERSION = YES;
				CLANG_WARN_NON_LITERAL_NULL_CONVERSION = YES;
				CLANG_WARN_OBJC_IMPLICIT_RETAIN_SELF = YES;
				CLANG_WARN_OBJC_LITERAL_CONVERSION = YES;
				CLANG_WARN_OBJC_ROOT_CLASS = YES_ERROR;
				CLANG_WARN_QUOTED_INCLUDE_IN_FRAMEWORK_HEADER = YES;
				CLANG_WARN_RANGE_LOOP_ANALYSIS = YES;
				CLANG_WARN_STRICT_PROTOTYPES = YES;
				CLANG_WARN_SUSPICIOUS_MOVE = YES;
				CLANG_WARN_UNGUARDED_AVAILABILITY = YES_AGGRESSIVE;
				CLANG_WARN_UNREACHABLE_CODE = YES;
				CLANG_WARN__DUPLICATE_METHOD_MATCH = YES;
				COPY_PHASE_STRIP = NO;
				DEBUG_INFORMATION_FORMAT = "dwarf-with-dsym";
				ENABLE_NS_ASSERTIONS = NO;
				ENABLE_STRICT_OBJC_MSGSEND = YES;
				GCC_C_LANGUAGE_STANDARD = gnu11;
				GCC_NO_COMMON_BLOCKS = YES;
				GCC_WARN_64_TO_32_BIT_CONVERSION = YES;
				GCC_WARN_ABOUT_RETURN_TYPE = YES_ERROR;
				GCC_WARN_UNDECLARED_SELECTOR = YES;
				GCC_WARN_UNINITIALIZED_AUTOS = YES_AGGRESSIVE;
				GCC_WARN_UNUSED_FUNCTION = YES;
				GCC_WARN_UNUSED_VARIABLE = YES;
				IPHONEOS_DEPLOYMENT_TARGET = 14.5;
				MTL_ENABLE_DEBUG_INFO = NO;
				MTL_FAST_MATH = YES;
				SDKROOT = iphoneos;
				SWIFT_COMPILATION_MODE = wholemodule;
				SWIFT_OPTIMIZATION_LEVEL = "-O";
				VALIDATE_PRODUCT = YES;
			};
			name = Release;
		};
		7949ECB926B3390200685B76 /* Debug */ = {
			isa = XCBuildConfiguration;
			buildSettings = {
				ASSETCATALOG_COMPILER_APPICON_NAME = AppIcon;
				ASSETCATALOG_COMPILER_GLOBAL_ACCENT_COLOR_NAME = AccentColor;
				CODE_SIGN_STYLE = Automatic;
				DEVELOPMENT_ASSET_PATHS = "\"RepaintingViewWithSlidersSwiftUI/Resources/Preview Content\"";
				DEVELOPMENT_TEAM = 96UHXBP52X;
				ENABLE_PREVIEWS = YES;
				INFOPLIST_FILE = "RepaintingViewWithSlidersSwiftUI/Supporting Files/Info.plist";
				IPHONEOS_DEPLOYMENT_TARGET = 14.0;
				LD_RUNPATH_SEARCH_PATHS = (
					"$(inherited)",
					"@executable_path/Frameworks",
				);
				PRODUCT_BUNDLE_IDENTIFIER = Kate.RepaintingViewWithSlidersSwiftUI;
				PRODUCT_NAME = "$(TARGET_NAME)";
				SWIFT_VERSION = 5.0;
				TARGETED_DEVICE_FAMILY = "1,2";
			};
			name = Debug;
		};
		7949ECBA26B3390200685B76 /* Release */ = {
			isa = XCBuildConfiguration;
			buildSettings = {
				ASSETCATALOG_COMPILER_APPICON_NAME = AppIcon;
				ASSETCATALOG_COMPILER_GLOBAL_ACCENT_COLOR_NAME = AccentColor;
				CODE_SIGN_STYLE = Automatic;
				DEVELOPMENT_ASSET_PATHS = "\"RepaintingViewWithSlidersSwiftUI/Resources/Preview Content\"";
				DEVELOPMENT_TEAM = 96UHXBP52X;
				ENABLE_PREVIEWS = YES;
				INFOPLIST_FILE = "RepaintingViewWithSlidersSwiftUI/Supporting Files/Info.plist";
				IPHONEOS_DEPLOYMENT_TARGET = 14.0;
				LD_RUNPATH_SEARCH_PATHS = (
					"$(inherited)",
					"@executable_path/Frameworks",
				);
				PRODUCT_BUNDLE_IDENTIFIER = Kate.RepaintingViewWithSlidersSwiftUI;
				PRODUCT_NAME = "$(TARGET_NAME)";
				SWIFT_VERSION = 5.0;
				TARGETED_DEVICE_FAMILY = "1,2";
			};
			name = Release;
		};
/* End XCBuildConfiguration section */

/* Begin XCConfigurationList section */
		7949ECA426B3390100685B76 /* Build configuration list for PBXProject "RepaintingViewWithSlidersSwiftUI" */ = {
			isa = XCConfigurationList;
			buildConfigurations = (
				7949ECB626B3390200685B76 /* Debug */,
				7949ECB726B3390200685B76 /* Release */,
			);
			defaultConfigurationIsVisible = 0;
			defaultConfigurationName = Release;
		};
		7949ECB826B3390200685B76 /* Build configuration list for PBXNativeTarget "RepaintingViewWithSlidersSwiftUI" */ = {
			isa = XCConfigurationList;
			buildConfigurations = (
				7949ECB926B3390200685B76 /* Debug */,
				7949ECBA26B3390200685B76 /* Release */,
			);
			defaultConfigurationIsVisible = 0;
			defaultConfigurationName = Release;
		};
/* End XCConfigurationList section */
	};
	rootObject = 7949ECA126B3390100685B76 /* Project object */;
}
